
Microsoft Visual Studio Solution File, Format Version 12.00
# Visual Studio Version 16
VisualStudioVersion = 25.0.1704.1
MinimumVisualStudioVersion = 10.0.40219.1
Project("{FAE04EC0-301F-11D3-BF4B-00C04F79EFBC}") = "day2", "day2.csproj", "{B7EF5A64-1459-46EC-8BE6-38885B1559B1}"
EndProject
Global
	GlobalSection(SolutionConfigurationPlatforms) = preSolution
		Debug|Any CPU = Debug|Any CPU
		Release|Any CPU = Release|Any CPU
	EndGlobalSection
	GlobalSection(ProjectConfigurationPlatforms) = postSolution
		{B7EF5A64-1459-46EC-8BE6-38885B1559B1}.Debug|Any CPU.ActiveCfg = Debug|Any CPU
		{B7EF5A64-1459-46EC-8BE6-38885B1559B1}.Debug|Any CPU.Build.0 = Debug|Any CPU
		{B7EF5A64-1459-46EC-8BE6-38885B1559B1}.Release|Any CPU.ActiveCfg = Release|Any CPU
		{B7EF5A64-1459-46EC-8BE6-38885B1559B1}.Release|Any CPU.Build.0 = Release|Any CPU
	EndGlobalSection
	GlobalSection(SolutionProperties) = preSolution
		HideSolutionNode = FALSE
	EndGlobalSection
	GlobalSection(ExtensibilityGlobals) = postSolution
		SolutionGuid = {39BF3381-1A4B-4E43-BE51-0356634A89CF}
	EndGlobalSection
EndGlobal
